
Microsoft Visual Studio Solution File, Format Version 12.00
# Visual Studio 14
VisualStudioVersion = 14.0.25420.1
MinimumVisualStudioVersion = 10.0.40219.1
Project("{FAE04EC0-301F-11D3-BF4B-00C04F79EFBC}") = "HangMan", "HangMan\HangMan.csproj", "{932EF198-6436-41C8-BDF1-7CB7739D434A}"
EndProject
Global
	GlobalSection(SolutionConfigurationPlatforms) = preSolution
		Debug|Any CPU = Debug|Any CPU
		Release|Any CPU = Release|Any CPU
	EndGlobalSection
	GlobalSection(ProjectConfigurationPlatforms) = postSolution
		{932EF198-6436-41C8-BDF1-7CB7739D434A}.Debug|Any CPU.ActiveCfg = Debug|Any CPU
		{932EF198-6436-41C8-BDF1-7CB7739D434A}.Debug|Any CPU.Build.0 = Debug|Any CPU
		{932EF198-6436-41C8-BDF1-7CB7739D434A}.Release|Any CPU.ActiveCfg = Release|Any CPU
		{932EF198-6436-41C8-BDF1-7CB7739D434A}.Release|Any CPU.Build.0 = Release|Any CPU
	EndGlobalSection
	GlobalSection(SolutionProperties) = preSolution
		HideSolutionNode = FALSE
	EndGlobalSection
EndGlobal
